{
  "name": "ajs-second",
  "version": "1.0.0",
  "lockfileVersion": 3,
  "requires": true,
  "packages": {
    "": {
      "name": "ajs-second",
      "version": "1.0.0",
      "license": "ISC",
      "dependencies": {
        "@jhonkikkoman/ajs": "^1.0.0"
      }
    },
    "node_modules/@jhonkikkoman/ajs": {
      "version": "1.0.0",
      "resolved": "https://npm.pkg.github.com/download/@jhonkikkoman/ajs/1.0.0/98137d964a820d83dfb2e5578edb60656ecb03c8",
      "integrity": "sha512-1/swizCzZjrUnM+Ib97tvfck5+tJbTItdH8BZoBsBAXvRqRxx26JJ9mpsMVru3ruB1UAvQdK0x8t0XfwUiWjrA==",
      "license": "ISC"
    }
  }
}
